// !$*UTF8*$!
{
	archiveVersion = 1;
	classes = {
	};
	objectVersion = 46;
	objects = {

/* Begin PBXBuildFile section */
		60E0B6AD1BBD833000988471 /* AppDelegate.swift in Sources */ = {isa = PBXBuildFile; fileRef = 60E0B6AC1BBD833000988471 /* AppDelegate.swift */; };
		60E0B6AF1BBD833000988471 /* ViewController.swift in Sources */ = {isa = PBXBuildFile; fileRef = 60E0B6AE1BBD833000988471 /* ViewController.swift */; };
		60E0B6B21BBD833000988471 /* Main.storyboard in Resources */ = {isa = PBXBuildFile; fileRef = 60E0B6B01BBD833000988471 /* Main.storyboard */; };
		60E0B6B41BBD833000988471 /* Images.xcassets in Resources */ = {isa = PBXBuildFile; fileRef = 60E0B6B31BBD833000988471 /* Images.xcassets */; };
		60E0B6B71BBD833000988471 /* LaunchScreen.xib in Resources */ = {isa = PBXBuildFile; fileRef = 60E0B6B51BBD833000988471 /* LaunchScreen.xib */; };
		60E0B6C31BBD833000988471 /* actividad_14Tests.swift in Sources */ = {isa = PBXBuildFile; fileRef = 60E0B6C21BBD833000988471 /* actividad_14Tests.swift */; };
		60E0B6CD1BBD876700988471 /* Cliente.swift in Sources */ = {isa = PBXBuildFile; fileRef = 60E0B6CC1BBD876700988471 /* Cliente.swift */; };
		60F4A2E11BC21ED800133706 /* ArchivoPrueba.swift in Sources */ = {isa = PBXBuildFile; fileRef = 60F4A2E01BC21ED800133706 /* ArchivoPrueba.swift */; };
/* End PBXBuildFile section */

/* Begin PBXContainerItemProxy section */
		60E0B6BD1BBD833000988471 /* PBXContainerItemProxy */ = {
			isa = PBXContainerItemProxy;
			containerPortal = 60E0B69F1BBD833000988471 /* Project object */;
			proxyType = 1;
			remoteGlobalIDString = 60E0B6A61BBD833000988471;
			remoteInfo = actividad_14;
		};
/* End PBXContainerItemProxy section */

/* Begin PBXFileReference section */
		60E0B6A71BBD833000988471 /* actividad_14.app */ = {isa = PBXFileReference; explicitFileType = wrapper.application; includeInIndex = 0; path = actividad_14.app; sourceTree = BUILT_PRODUCTS_DIR; };
		60E0B6AB1BBD833000988471 /* Info.plist */ = {isa = PBXFileReference; lastKnownFileType = text.plist.xml; path = Info.plist; sourceTree = "<group>"; };
		60E0B6AC1BBD833000988471 /* AppDelegate.swift */ = {isa = PBXFileReference; lastKnownFileType = sourcecode.swift; path = AppDelegate.swift; sourceTree = "<group>"; };
		60E0B6AE1BBD833000988471 /* ViewController.swift */ = {isa = PBXFileReference; lastKnownFileType = sourcecode.swift; path = ViewController.swift; sourceTree = "<group>"; };
		60E0B6B11BBD833000988471 /* Base */ = {isa = PBXFileReference; lastKnownFileType = file.storyboard; name = Base; path = Base.lproj/Main.storyboard; sourceTree = "<group>"; };
		60E0B6B31BBD833000988471 /* Images.xcassets */ = {isa = PBXFileReference; lastKnownFileType = folder.assetcatalog; path = Images.xcassets; sourceTree = "<group>"; };
		60E0B6B61BBD833000988471 /* Base */ = {isa = PBXFileReference; lastKnownFileType = file.xib; name = Base; path = Base.lproj/LaunchScreen.xib; sourceTree = "<group>"; };
		60E0B6BC1BBD833000988471 /* actividad_14Tests.xctest */ = {isa = PBXFileReference; explicitFileType = wrapper.cfbundle; includeInIndex = 0; path = actividad_14Tests.xctest; sourceTree = BUILT_PRODUCTS_DIR; };
		60E0B6C11BBD833000988471 /* Info.plist */ = {isa = PBXFileReference; lastKnownFileType = text.plist.xml; path = Info.plist; sourceTree = "<group>"; };
		60E0B6C21BBD833000988471 /* actividad_14Tests.swift */ = {isa = PBXFileReference; lastKnownFileType = sourcecode.swift; path = actividad_14Tests.swift; sourceTree = "<group>"; };
		60E0B6CC1BBD876700988471 /* Cliente.swift */ = {isa = PBXFileReference; fileEncoding = 4; lastKnownFileType = sourcecode.swift; path = Cliente.swift; sourceTree = "<group>"; };
		60F4A2E01BC21ED800133706 /* ArchivoPrueba.swift */ = {isa = PBXFileReference; fileEncoding = 4; lastKnownFileType = sourcecode.swift; path = ArchivoPrueba.swift; sourceTree = "<group>"; };
/* End PBXFileReference section */

/* Begin PBXFrameworksBuildPhase section */
		60E0B6A41BBD833000988471 /* Frameworks */ = {
			isa = PBXFrameworksBuildPhase;
			buildActionMask = 2147483647;
			files = (
			);
			runOnlyForDeploymentPostprocessing = 0;
		};
		60E0B6B91BBD833000988471 /* Frameworks */ = {
			isa = PBXFrameworksBuildPhase;
			buildActionMask = 2147483647;
			files = (
			);
			runOnlyForDeploymentPostprocessing = 0;
		};
/* End PBXFrameworksBuildPhase section */

/* Begin PBXGroup section */
		60E0B69E1BBD833000988471 = {
			isa = PBXGroup;
			children = (
				60F4A2E01BC21ED800133706 /* ArchivoPrueba.swift */,
				60E0B6A91BBD833000988471 /* actividad_14 */,
				60E0B6BF1BBD833000988471 /* actividad_14Tests */,
				60E0B6A81BBD833000988471 /* Products */,
			);
			sourceTree = "<group>";
		};
		60E0B6A81BBD833000988471 /* Products */ = {
			isa = PBXGroup;
			children = (
				60E0B6A71BBD833000988471 /* actividad_14.app */,
				60E0B6BC1BBD833000988471 /* actividad_14Tests.xctest */,
			);
			name = Products;
			sourceTree = "<group>";
		};
		60E0B6A91BBD833000988471 /* actividad_14 */ = {
			isa = PBXGroup;
			children = (
				60E0B6AC1BBD833000988471 /* AppDelegate.swift */,
				60E0B6AE1BBD833000988471 /* ViewController.swift */,
				60E0B6B01BBD833000988471 /* Main.storyboard */,
				60E0B6B31BBD833000988471 /* Images.xcassets */,
				60E0B6B51BBD833000988471 /* LaunchScreen.xib */,
				60E0B6AA1BBD833000988471 /* Supporting Files */,
				60E0B6CC1BBD876700988471 /* Cliente.swift */,
			);
			path = actividad_14;
			sourceTree = "<group>";
		};
		60E0B6AA1BBD833000988471 /* Supporting Files */ = {
			isa = PBXGroup;
			children = (
				60E0B6AB1BBD833000988471 /* Info.plist */,
			);
			name = "Supporting Files";
			sourceTree = "<group>";
		};
		60E0B6BF1BBD833000988471 /* actividad_14Tests */ = {
			isa = PBXGroup;
			children = (
				60E0B6C21BBD833000988471 /* actividad_14Tests.swift */,
				60E0B6C01BBD833000988471 /* Supporting Files */,
			);
			path = actividad_14Tests;
			sourceTree = "<group>";
		};
		60E0B6C01BBD833000988471 /* Supporting Files */ = {
			isa = PBXGroup;
			children = (
				60E0B6C11BBD833000988471 /* Info.plist */,
			);
			name = "Supporting Files";
			sourceTree = "<group>";
		};
/* End PBXGroup section */

/* Begin PBXNativeTarget section */
		60E0B6A61BBD833000988471 /* actividad_14 */ = {
			isa = PBXNativeTarget;
			buildConfigurationList = 60E0B6C61BBD833000988471 /* Build configuration list for PBXNativeTarget "actividad_14" */;
			buildPhases = (
				60E0B6A31BBD833000988471 /* Sources */,
				60E0B6A41BBD833000988471 /* Frameworks */,
				60E0B6A51BBD833000988471 /* Resources */,
			);
			buildRules = (
			);
			dependencies = (
			);
			name = actividad_14;
			productName = actividad_14;
			productReference = 60E0B6A71BBD833000988471 /* actividad_14.app */;
			productType = "com.apple.product-type.application";
		};
		60E0B6BB1BBD833000988471 /* actividad_14Tests */ = {
			isa = PBXNativeTarget;
			buildConfigurationList = 60E0B6C91BBD833000988471 /* Build configuration list for PBXNativeTarget "actividad_14Tests" */;
			buildPhases = (
				60E0B6B81BBD833000988471 /* Sources */,
				60E0B6B91BBD833000988471 /* Frameworks */,
				60E0B6BA1BBD833000988471 /* Resources */,
			);
			buildRules = (
			);
			dependencies = (
				60E0B6BE1BBD833000988471 /* PBXTargetDependency */,
			);
			name = actividad_14Tests;
			productName = actividad_14Tests;
			productReference = 60E0B6BC1BBD833000988471 /* actividad_14Tests.xctest */;
			productType = "com.apple.product-type.bundle.unit-test";
		};
/* End PBXNativeTarget section */

/* Begin PBXProject section */
		60E0B69F1BBD833000988471 /* Project object */ = {
			isa = PBXProject;
			attributes = {
				LastUpgradeCheck = 0640;
				ORGANIZATIONNAME = "Miguel Fernandez";
				TargetAttributes = {
					60E0B6A61BBD833000988471 = {
						CreatedOnToolsVersion = 6.4;
					};
					60E0B6BB1BBD833000988471 = {
						CreatedOnToolsVersion = 6.4;
						TestTargetID = 60E0B6A61BBD833000988471;
					};
				};
			};
			buildConfigurationList = 60E0B6A21BBD833000988471 /* Build configuration list for PBXProject "actividad_14" */;
			compatibilityVersion = "Xcode 3.2";
			developmentRegion = English;
			hasScannedForEncodings = 0;
			knownRegions = (
				en,
				Base,
			);
			mainGroup = 60E0B69E1BBD833000988471;
			productRefGroup = 60E0B6A81BBD833000988471 /* Products */;
			projectDirPath = "";
			projectRoot = "";
			targets = (
				60E0B6A61BBD833000988471 /* actividad_14 */,
				60E0B6BB1BBD833000988471 /* actividad_14Tests */,
			);
		};
/* End PBXProject section */

/* Begin PBXResourcesBuildPhase section */
		60E0B6A51BBD833000988471 /* Resources */ = {
			isa = PBXResourcesBuildPhase;
			buildActionMask = 2147483647;
			files = (
				60E0B6B21BBD833000988471 /* Main.storyboard in Resources */,
				60E0B6B71BBD833000988471 /* LaunchScreen.xib in Resources */,
				60E0B6B41BBD833000988471 /* Images.xcassets in Resources */,
			);
			runOnlyForDeploymentPostprocessing = 0;
		};
		60E0B6BA1BBD833000988471 /* Resources */ = {
			isa = PBXResourcesBuildPhase;
			buildActionMask = 2147483647;
			files = (
			);
			runOnlyForDeploymentPostprocessing = 0;
		};
/* End PBXResourcesBuildPhase section */

/* Begin PBXSourcesBuildPhase section */
		60E0B6A31BBD833000988471 /* Sources */ = {
			isa = PBXSourcesBuildPhase;
			buildActionMask = 2147483647;
			files = (
				60E0B6AF1BBD833000988471 /* ViewController.swift in Sources */,
				60F4A2E11BC21ED800133706 /* ArchivoPrueba.swift in Sources */,
				60E0B6AD1BBD833000988471 /* AppDelegate.swift in Sources */,
				60E0B6CD1BBD876700988471 /* Cliente.swift in Sources */,
			);
			runOnlyForDeploymentPostprocessing = 0;
		};
		60E0B6B81BBD833000988471 /* Sources */ = {
			isa = PBXSourcesBuildPhase;
			buildActionMask = 2147483647;
			files = (
				60E0B6C31BBD833000988471 /* actividad_14Tests.swift in Sources */,
			);
			runOnlyForDeploymentPostprocessing = 0;
		};
/* End PBXSourcesBuildPhase section */

/* Begin PBXTargetDependency section */
		60E0B6BE1BBD833000988471 /* PBXTargetDependency */ = {
			isa = PBXTargetDependency;
			target = 60E0B6A61BBD833000988471 /* actividad_14 */;
			targetProxy = 60E0B6BD1BBD833000988471 /* PBXContainerItemProxy */;
		};
/* End PBXTargetDependency section */

/* Begin PBXVariantGroup section */
		60E0B6B01BBD833000988471 /* Main.storyboard */ = {
			isa = PBXVariantGroup;
			children = (
				60E0B6B11BBD833000988471 /* Base */,
			);
			name = Main.storyboard;
			sourceTree = "<group>";
		};
		60E0B6B51BBD833000988471 /* LaunchScreen.xib */ = {
			isa = PBXVariantGroup;
			children = (
				60E0B6B61BBD833000988471 /* Base */,
			);
			name = LaunchScreen.xib;
			sourceTree = "<group>";
		};
/* End PBXVariantGroup section */

/* Begin XCBuildConfiguration section */
		60E0B6C41BBD833000988471 /* Debug */ = {
			isa = XCBuildConfiguration;
			buildSettings = {
				ALWAYS_SEARCH_USER_PATHS = NO;
				CLANG_CXX_LANGUAGE_STANDARD = "gnu++0x";
				CLANG_CXX_LIBRARY = "libc++";
				CLANG_ENABLE_MODULES = YES;
				CLANG_ENABLE_OBJC_ARC = YES;
				CLANG_WARN_BOOL_CONVERSION = YES;
				CLANG_WARN_CONSTANT_CONVERSION = YES;
				CLANG_WARN_DIRECT_OBJC_ISA_USAGE = YES_ERROR;
				CLANG_WARN_EMPTY_BODY = YES;
				CLANG_WARN_ENUM_CONVERSION = YES;
				CLANG_WARN_INT_CONVERSION = YES;
				CLANG_WARN_OBJC_ROOT_CLASS = YES_ERROR;
				CLANG_WARN_UNREACHABLE_CODE = YES;
				CLANG_WARN__DUPLICATE_METHOD_MATCH = YES;
				"CODE_SIGN_IDENTITY[sdk=iphoneos*]" = "iPhone Developer";
				COPY_PHASE_STRIP = NO;
				DEBUG_INFORMATION_FORMAT = "dwarf-with-dsym";
				ENABLE_STRICT_OBJC_MSGSEND = YES;
				GCC_C_LANGUAGE_STANDARD = gnu99;
				GCC_DYNAMIC_NO_PIC = NO;
				GCC_NO_COMMON_BLOCKS = YES;
				GCC_OPTIMIZATION_LEVEL = 0;
				GCC_PREPROCESSOR_DEFINITIONS = (
					"DEBUG=1",
					"$(inherited)",
				);
				GCC_SYMBOLS_PRIVATE_EXTERN = NO;
				GCC_WARN_64_TO_32_BIT_CONVERSION = YES;
				GCC_WARN_ABOUT_RETURN_TYPE = YES_ERROR;
				GCC_WARN_UNDECLARED_SELECTOR = YES;
				GCC_WARN_UNINITIALIZED_AUTOS = YES_AGGRESSIVE;
				GCC_WARN_UNUSED_FUNCTION = YES;
				GCC_WARN_UNUSED_VARIABLE = YES;
				IPHONEOS_DEPLOYMENT_TARGET = 8.4;
				MTL_ENABLE_DEBUG_INFO = YES;
				ONLY_ACTIVE_ARCH = YES;
				SDKROOT = iphoneos;
				SWIFT_OPTIMIZATION_LEVEL = "-Onone";
			};
			name = Debug;
		};
		60E0B6C51BBD833000988471 /* Release */ = {
			isa = XCBuildConfiguration;
			buildSettings = {
				ALWAYS_SEARCH_USER_PATHS = NO;
				CLANG_CXX_LANGUAGE_STANDARD = "gnu++0x";
				CLANG_CXX_LIBRARY = "libc++";
				CLANG_ENABLE_MODULES = YES;
				CLANG_ENABLE_OBJC_ARC = YES;
				CLANG_WARN_BOOL_CONVERSION = YES;
				CLANG_WARN_CONSTANT_CONVERSION = YES;
				CLANG_WARN_DIRECT_OBJC_ISA_USAGE = YES_ERROR;
				CLANG_WARN_EMPTY_BODY = YES;
				CLANG_WARN_ENUM_CONVERSION = YES;
				CLANG_WARN_INT_CONVERSION = YES;
				CLANG_WARN_OBJC_ROOT_CLASS = YES_ERROR;
				CLANG_WARN_UNREACHABLE_CODE = YES;
				CLANG_WARN__DUPLICATE_METHOD_MATCH = YES;
				"CODE_SIGN_IDENTITY[sdk=iphoneos*]" = "iPhone Developer";
				COPY_PHASE_STRIP = NO;
				DEBUG_INFORMATION_FORMAT = "dwarf-with-dsym";
				ENABLE_NS_ASSERTIONS = NO;
				ENABLE_STRICT_OBJC_MSGSEND = YES;
				GCC_C_LANGUAGE_STANDARD = gnu99;
				GCC_NO_COMMON_BLOCKS = YES;
				GCC_WARN_64_TO_32_BIT_CONVERSION = YES;
				GCC_WARN_ABOUT_RETURN_TYPE = YES_ERROR;
				GCC_WARN_UNDECLARED_SELECTOR = YES;
				GCC_WARN_UNINITIALIZED_AUTOS = YES_AGGRESSIVE;
				GCC_WARN_UNUSED_FUNCTION = YES;
				GCC_WARN_UNUSED_VARIABLE = YES;
				IPHONEOS_DEPLOYMENT_TARGET = 8.4;
				MTL_ENABLE_DEBUG_INFO = NO;
				SDKROOT = iphoneos;
				VALIDATE_PRODUCT = YES;
			};
			name = Release;
		};
		60E0B6C71BBD833000988471 /* Debug */ = {
			isa = XCBuildConfiguration;
			buildSettings = {
				ASSETCATALOG_COMPILER_APPICON_NAME = AppIcon;
				INFOPLIST_FILE = actividad_14/Info.plist;
				LD_RUNPATH_SEARCH_PATHS = "$(inherited) @executable_path/Frameworks";
				PRODUCT_NAME = "$(TARGET_NAME)";
			};
			name = Debug;
		};
		60E0B6C81BBD833000988471 /* Release */ = {
			isa = XCBuildConfiguration;
			buildSettings = {
				ASSETCATALOG_COMPILER_APPICON_NAME = AppIcon;
				INFOPLIST_FILE = actividad_14/Info.plist;
				LD_RUNPATH_SEARCH_PATHS = "$(inherited) @executable_path/Frameworks";
				PRODUCT_NAME = "$(TARGET_NAME)";
			};
			name = Release;
		};
		60E0B6CA1BBD833000988471 /* Debug */ = {
			isa = XCBuildConfiguration;
			buildSettings = {
				BUNDLE_LOADER = "$(TEST_HOST)";
				FRAMEWORK_SEARCH_PATHS = (
					"$(SDKROOT)/Developer/Library/Frameworks",
					"$(inherited)",
				);
				GCC_PREPROCESSOR_DEFINITIONS = (
					"DEBUG=1",
					"$(inherited)",
				);
				INFOPLIST_FILE = actividad_14Tests/Info.plist;
				LD_RUNPATH_SEARCH_PATHS = "$(inherited) @executable_path/Frameworks @loader_path/Frameworks";
				PRODUCT_NAME = "$(TARGET_NAME)";
				TEST_HOST = "$(BUILT_PRODUCTS_DIR)/actividad_14.app/actividad_14";
			};
			name = Debug;
		};
		60E0B6CB1BBD833000988471 /* Release */ = {
			isa = XCBuildConfiguration;
			buildSettings = {
				BUNDLE_LOADER = "$(TEST_HOST)";
				FRAMEWORK_SEARCH_PATHS = (
					"$(SDKROOT)/Developer/Library/Frameworks",
					"$(inherited)",
				);
				INFOPLIST_FILE = actividad_14Tests/Info.plist;
				LD_RUNPATH_SEARCH_PATHS = "$(inherited) @executable_path/Frameworks @loader_path/Frameworks";
				PRODUCT_NAME = "$(TARGET_NAME)";
				TEST_HOST = "$(BUILT_PRODUCTS_DIR)/actividad_14.app/actividad_14";
			};
			name = Release;
		};
/* End XCBuildConfiguration section */

/* Begin XCConfigurationList section */
		60E0B6A21BBD833000988471 /* Build configuration list for PBXProject "actividad_14" */ = {
			isa = XCConfigurationList;
			buildConfigurations = (
				60E0B6C41BBD833000988471 /* Debug */,
				60E0B6C51BBD833000988471 /* Release */,
			);
			defaultConfigurationIsVisible = 0;
			defaultConfigurationName = Release;
		};
		60E0B6C61BBD833000988471 /* Build configuration list for PBXNativeTarget "actividad_14" */ = {
			isa = XCConfigurationList;
			buildConfigurations = (
				60E0B6C71BBD833000988471 /* Debug */,
				60E0B6C81BBD833000988471 /* Release */,
			);
			defaultConfigurationIsVisible = 0;
			defaultConfigurationName = Release;
		};
		60E0B6C91BBD833000988471 /* Build configuration list for PBXNativeTarget "actividad_14Tests" */ = {
			isa = XCConfigurationList;
			buildConfigurations = (
				60E0B6CA1BBD833000988471 /* Debug */,
				60E0B6CB1BBD833000988471 /* Release */,
			);
			defaultConfigurationIsVisible = 0;
			defaultConfigurationName = Release;
		};
/* End XCConfigurationList section */
	};
	rootObject = 60E0B69F1BBD833000988471 /* Project object */;
}
